<Solution>
  <Folder Name="/src/">
    <Project Path="src/DenCore/DenCore.csproj" />
    <Project Path="src/DenCore.Service/DenCore.Service.csproj" />
  </Folder>
  <Folder Name="/tests/">
    <Project Path="tests/DenCore.Tests/DenCore.Tests.csproj" />
    <Project Path="tests/DenCore.Service.Tests/DenCore.Service.Tests.csproj" />
  </Folder>
</Solution>
